<?xml version="1.0" encoding="utf-8"?>
<Project ToolsVersion="4.0" xmlns="http://schemas.microsoft.com/developer/msbuild/2003">
  <ItemGroup>
    <Filter Include="Source Files">
      <UniqueIdentifier>{4FC737F1-C7A5-4376-A066-2A32D752A2FF}</UniqueIdentifier>
      <Extensions>cpp;c;cc;cxx;def;odl;idl;hpj;bat;asm;asmx</Extensions>
    </Filter>
    <Filter Include="Header Files">
      <UniqueIdentifier>{93995380-89BD-4b04-88EB-625FBE52EBFB}</UniqueIdentifier>
      <Extensions>h;hh;hpp;hxx;hm;inl;inc;ipp;xsd</Extensions>
    </Filter>
    <Filter Include="Resource Files">
      <UniqueIdentifier>{67DA6AB6-F800-4c08-8B7A-83BB121AAD01}</UniqueIdentifier>
      <Extensions>rc;ico;cur;bmp;dlg;rc2;rct;bin;rgs;gif;jpg;jpeg;jpe;resx;tiff;tif;png;wav;mfcribbon-ms</Extensions>
    </Filter>
  </ItemGroup>
  <ItemGroup>
    <ClCompile Include="..\newciclad\CicladAdd.cpp">
      <Filter>Source Files</Filter>
    </ClCompile>
    <ClCompile Include="..\newciclad\CicladRmv.cpp">
      <Filter>Source Files</Filter>
    </ClCompile>
    <ClCompile Include="..\newciclad\concept.cpp">
      <Filter>Source Files</Filter>
    </ClCompile>
    <ClCompile Include="..\newciclad\transaction.cpp">
      <Filter>Source Files</Filter>
    </ClCompile>
    <ClCompile Include="..\newciclad\trienode.cpp">
      <Filter>Source Files</Filter>
    </ClCompile>
    <ClCompile Include="Tests_Ciclad.cpp">
      <Filter>Source Files</Filter>
    </ClCompile>
    <ClCompile Include="Ciclad.cpp">
      <Filter>Source Files</Filter>
    </ClCompile>
  </ItemGroup>
  <ItemGroup>
    <ClInclude Include="..\newciclad\CicladAdd.hpp">
      <Filter>Header Files</Filter>
    </ClInclude>
    <ClInclude Include="..\newciclad\CicladRmv.hpp">
      <Filter>Header Files</Filter>
    </ClInclude>
    <ClInclude Include="..\newciclad\concept.h">
      <Filter>Header Files</Filter>
    </ClInclude>
    <ClInclude Include="..\newciclad\transaction.h">
      <Filter>Header Files</Filter>
    </ClInclude>
    <ClInclude Include="..\newciclad\trienode.h">
      <Filter>Header Files</Filter>
    </ClInclude>
    <ClInclude Include="..\ext\Automated.h">
      <Filter>Header Files</Filter>
    </ClInclude>
    <ClInclude Include="..\ext\CUnit.h">
      <Filter>Header Files</Filter>
    </ClInclude>
    <ClInclude Include="newciclad\Ciclad.h">
      <Filter>Header Files</Filter>
    </ClInclude>
    <ClInclude Include="..\ext\CUError.h">
      <Filter>Header Files</Filter>
    </ClInclude>
    <ClInclude Include="..\ext\TestDB.h">
      <Filter>Header Files</Filter>
    </ClInclude>
    <ClInclude Include="..\ext\TestRun.h">
      <Filter>Header Files</Filter>
    </ClInclude>
    <ClInclude Include="TestsCiclad.h">
      <Filter>Header Files</Filter>
    </ClInclude>
    <ClInclude Include="..\ext\Basic.h">
      <Filter>Header Files</Filter>
    </ClInclude>
    <ClInclude Include="..\ext\Console.h">
      <Filter>Header Files</Filter>
    </ClInclude>
  </ItemGroup>
</Project>